
Microsoft Visual Studio Solution File, Format Version 11.00
# Visual Studio 2010
Project("{FAE04EC0-301F-11D3-BF4B-00C04F79EFBC}") = "Zenject", "Zenject.csproj", "{256B294F-B65E-EBF9-D40E-98782C7704CE}"
EndProject
Project("{FAE04EC0-301F-11D3-BF4B-00C04F79EFBC}") = "Zenject-Editor", "Zenject-Editor.csproj", "{C923E6B3-D983-EEEB-285D-B712DB915DFE}"
EndProject
Global
	GlobalSection(SolutionConfigurationPlatforms) = preSolution
		Debug|Any CPU = Debug|Any CPU
		Release|Any CPU = Release|Any CPU
	EndGlobalSection
	GlobalSection(ProjectConfigurationPlatforms) = postSolution
		{256B294F-B65E-EBF9-D40E-98782C7704CE}.Debug|Any CPU.ActiveCfg = Debug|Any CPU
		{256B294F-B65E-EBF9-D40E-98782C7704CE}.Debug|Any CPU.Build.0 = Debug|Any CPU
		{256B294F-B65E-EBF9-D40E-98782C7704CE}.Release|Any CPU.ActiveCfg = Release|Any CPU
		{256B294F-B65E-EBF9-D40E-98782C7704CE}.Release|Any CPU.Build.0 = Release|Any CPU
		{C923E6B3-D983-EEEB-285D-B712DB915DFE}.Debug|Any CPU.ActiveCfg = Debug|Any CPU
		{C923E6B3-D983-EEEB-285D-B712DB915DFE}.Debug|Any CPU.Build.0 = Debug|Any CPU
		{C923E6B3-D983-EEEB-285D-B712DB915DFE}.Release|Any CPU.ActiveCfg = Release|Any CPU
		{C923E6B3-D983-EEEB-285D-B712DB915DFE}.Release|Any CPU.Build.0 = Release|Any CPU
	EndGlobalSection
	GlobalSection(SolutionProperties) = preSolution
		HideSolutionNode = FALSE
	EndGlobalSection
EndGlobal
